PODS:
  - SnapKit (5.0.1)
  - Then (2.7.0)

DEPENDENCIES:
  - SnapKit
  - Then

SPEC REPOS:
  trunk:
    - SnapKit
    - Then

SPEC CHECKSUMS:
  SnapKit: 97b92857e3df3a0c71833cce143274bf6ef8e5eb
  Then: acfe0be7e98221c6204e12f8161459606d5d822d

PODFILE CHECKSUM: f5ddd824a8074c7dc25552d08900a105f0a7f78a

COCOAPODS: 1.11.2
